
Microsoft Visual Studio Solution File, Format Version 12.00
# Visual Studio Version 16
VisualStudioVersion = 16.0.30114.105
MinimumVisualStudioVersion = 10.0.40219.1
Project("{FAE04EC0-301F-11D3-BF4B-00C04F79EFBC}") = "Events", "events\Events.csproj", "{F949DBC6-244D-405F-8F6D-0BFBBC5ECFCB}"
EndProject
Project("{FAE04EC0-301F-11D3-BF4B-00C04F79EFBC}") = "Shop", "shop\Shop.csproj", "{EE3E4A0F-B4F3-4531-B279-25C42EF7917E}"
EndProject
Project("{FAE04EC0-301F-11D3-BF4B-00C04F79EFBC}") = "Shop.Tests", "shop.tests\Shop.Tests.csproj", "{FC363288-C8D2-4A96-A23A-D94C40DB05C3}"
EndProject
Project("{FAE04EC0-301F-11D3-BF4B-00C04F79EFBC}") = "Bank", "bank\Bank.csproj", "{43B48AE0-E651-4131-B308-72CE17E4FA99}"
EndProject
Project("{FAE04EC0-301F-11D3-BF4B-00C04F79EFBC}") = "Bank.Tests", "bank.tests\Bank.Tests.csproj", "{81F354D4-23D1-4479-93A3-B2E403A568C2}"
EndProject
Global
	GlobalSection(SolutionConfigurationPlatforms) = preSolution
		Debug|Any CPU = Debug|Any CPU
		Release|Any CPU = Release|Any CPU
	EndGlobalSection
	GlobalSection(SolutionProperties) = preSolution
		HideSolutionNode = FALSE
	EndGlobalSection
	GlobalSection(ProjectConfigurationPlatforms) = postSolution
		{F949DBC6-244D-405F-8F6D-0BFBBC5ECFCB}.Debug|Any CPU.ActiveCfg = Debug|Any CPU
		{F949DBC6-244D-405F-8F6D-0BFBBC5ECFCB}.Debug|Any CPU.Build.0 = Debug|Any CPU
		{F949DBC6-244D-405F-8F6D-0BFBBC5ECFCB}.Release|Any CPU.ActiveCfg = Release|Any CPU
		{F949DBC6-244D-405F-8F6D-0BFBBC5ECFCB}.Release|Any CPU.Build.0 = Release|Any CPU
		{EE3E4A0F-B4F3-4531-B279-25C42EF7917E}.Debug|Any CPU.ActiveCfg = Debug|Any CPU
		{EE3E4A0F-B4F3-4531-B279-25C42EF7917E}.Debug|Any CPU.Build.0 = Debug|Any CPU
		{EE3E4A0F-B4F3-4531-B279-25C42EF7917E}.Release|Any CPU.ActiveCfg = Release|Any CPU
		{EE3E4A0F-B4F3-4531-B279-25C42EF7917E}.Release|Any CPU.Build.0 = Release|Any CPU
		{FC363288-C8D2-4A96-A23A-D94C40DB05C3}.Debug|Any CPU.ActiveCfg = Debug|Any CPU
		{FC363288-C8D2-4A96-A23A-D94C40DB05C3}.Debug|Any CPU.Build.0 = Debug|Any CPU
		{FC363288-C8D2-4A96-A23A-D94C40DB05C3}.Release|Any CPU.ActiveCfg = Release|Any CPU
		{FC363288-C8D2-4A96-A23A-D94C40DB05C3}.Release|Any CPU.Build.0 = Release|Any CPU
		{43B48AE0-E651-4131-B308-72CE17E4FA99}.Debug|Any CPU.ActiveCfg = Debug|Any CPU
		{43B48AE0-E651-4131-B308-72CE17E4FA99}.Debug|Any CPU.Build.0 = Debug|Any CPU
		{43B48AE0-E651-4131-B308-72CE17E4FA99}.Release|Any CPU.ActiveCfg = Release|Any CPU
		{43B48AE0-E651-4131-B308-72CE17E4FA99}.Release|Any CPU.Build.0 = Release|Any CPU
		{81F354D4-23D1-4479-93A3-B2E403A568C2}.Debug|Any CPU.ActiveCfg = Debug|Any CPU
		{81F354D4-23D1-4479-93A3-B2E403A568C2}.Debug|Any CPU.Build.0 = Debug|Any CPU
		{81F354D4-23D1-4479-93A3-B2E403A568C2}.Release|Any CPU.ActiveCfg = Release|Any CPU
		{81F354D4-23D1-4479-93A3-B2E403A568C2}.Release|Any CPU.Build.0 = Release|Any CPU
	EndGlobalSection
EndGlobal
